
Microsoft Visual Studio Solution File, Format Version 12.00
# Visual Studio 15
VisualStudioVersion = 15.0.27130.2010
MinimumVisualStudioVersion = 10.0.40219.1
Project("{FAE04EC0-301F-11D3-BF4B-00C04F79EFBC}") = "ComicBookGallery", "ComicBookGallery\ComicBookGallery.csproj", "{18DEB446-ADDD-406F-B7DA-394F0D5D11F2}"
EndProject
Global
	GlobalSection(SolutionConfigurationPlatforms) = preSolution
		Debug|Any CPU = Debug|Any CPU
		Release|Any CPU = Release|Any CPU
	EndGlobalSection
	GlobalSection(ProjectConfigurationPlatforms) = postSolution
		{18DEB446-ADDD-406F-B7DA-394F0D5D11F2}.Debug|Any CPU.ActiveCfg = Debug|Any CPU
		{18DEB446-ADDD-406F-B7DA-394F0D5D11F2}.Debug|Any CPU.Build.0 = Debug|Any CPU
		{18DEB446-ADDD-406F-B7DA-394F0D5D11F2}.Release|Any CPU.ActiveCfg = Release|Any CPU
		{18DEB446-ADDD-406F-B7DA-394F0D5D11F2}.Release|Any CPU.Build.0 = Release|Any CPU
	EndGlobalSection
	GlobalSection(SolutionProperties) = preSolution
		HideSolutionNode = FALSE
	EndGlobalSection
	GlobalSection(ExtensibilityGlobals) = postSolution
		SolutionGuid = {45DA321E-C158-4523-9E1F-AC5F7F3F18B2}
	EndGlobalSection
EndGlobal
